
Microsoft Visual Studio Solution File, Format Version 12.00
# Visual Studio Version 16
VisualStudioVersion = 16.0.32630.194
MinimumVisualStudioVersion = 10.0.40219.1
Project("{FAE04EC0-301F-11D3-BF4B-00C04F79EFBC}") = "Traversal_Project_ASP.Net_Core", "Traversal_Project_ASP.Net_Core\Traversal_Project_ASP.Net_Core.csproj", "{5A5F958A-A618-4E99-A4F9-556051D50A7F}"
EndProject
Global
	GlobalSection(SolutionConfigurationPlatforms) = preSolution
		Debug|Any CPU = Debug|Any CPU
		Release|Any CPU = Release|Any CPU
	EndGlobalSection
	GlobalSection(ProjectConfigurationPlatforms) = postSolution
		{5A5F958A-A618-4E99-A4F9-556051D50A7F}.Debug|Any CPU.ActiveCfg = Debug|Any CPU
		{5A5F958A-A618-4E99-A4F9-556051D50A7F}.Debug|Any CPU.Build.0 = Debug|Any CPU
		{5A5F958A-A618-4E99-A4F9-556051D50A7F}.Release|Any CPU.ActiveCfg = Release|Any CPU
		{5A5F958A-A618-4E99-A4F9-556051D50A7F}.Release|Any CPU.Build.0 = Release|Any CPU
	EndGlobalSection
	GlobalSection(SolutionProperties) = preSolution
		HideSolutionNode = FALSE
	EndGlobalSection
	GlobalSection(ExtensibilityGlobals) = postSolution
		SolutionGuid = {8DD2B3BC-B793-4662-A71C-F3D1AB3C9F8F}
	EndGlobalSection
EndGlobal
